
Microsoft Visual Studio Solution File, Format Version 12.00
# Visual Studio Version 16
VisualStudioVersion = 16.0.31321.278
MinimumVisualStudioVersion = 10.0.40219.1
Project("{FAE04EC0-301F-11D3-BF4B-00C04F79EFBC}") = "WinFormsApp1", "WinFormsApp1\WinFormsApp1.csproj", "{EA9D6566-2DE1-486D-A2B4-62E47C5DCBC7}"
EndProject
Global
	GlobalSection(SolutionConfigurationPlatforms) = preSolution
		Debug|Any CPU = Debug|Any CPU
		Release|Any CPU = Release|Any CPU
	EndGlobalSection
	GlobalSection(ProjectConfigurationPlatforms) = postSolution
		{EA9D6566-2DE1-486D-A2B4-62E47C5DCBC7}.Debug|Any CPU.ActiveCfg = Debug|Any CPU
		{EA9D6566-2DE1-486D-A2B4-62E47C5DCBC7}.Debug|Any CPU.Build.0 = Debug|Any CPU
		{EA9D6566-2DE1-486D-A2B4-62E47C5DCBC7}.Release|Any CPU.ActiveCfg = Release|Any CPU
		{EA9D6566-2DE1-486D-A2B4-62E47C5DCBC7}.Release|Any CPU.Build.0 = Release|Any CPU
	EndGlobalSection
	GlobalSection(SolutionProperties) = preSolution
		HideSolutionNode = FALSE
	EndGlobalSection
	GlobalSection(ExtensibilityGlobals) = postSolution
		SolutionGuid = {8BFC5CB6-6AD6-498C-8425-1DAE4A9C0E73}
	EndGlobalSection
EndGlobal
